
Microsoft Visual Studio Solution File, Format Version 12.00
# Visual Studio Version 17
VisualStudioVersion = 17.10.35122.118
MinimumVisualStudioVersion = 10.0.40219.1
Project("{8BC9CEB8-8B4A-11D0-8D11-00A0C91BC942}") = "MazeGeneration", "MazeGeneration.vcxproj", "{BA81563C-E519-4E0D-8C9B-5C58605B21EC}"
EndProject
Global
	GlobalSection(SolutionConfigurationPlatforms) = preSolution
		Debug|x64 = Debug|x64
		Debug|x86 = Debug|x86
		Release|x64 = Release|x64
		Release|x86 = Release|x86
	EndGlobalSection
	GlobalSection(ProjectConfigurationPlatforms) = postSolution
		{BA81563C-E519-4E0D-8C9B-5C58605B21EC}.Debug|x64.ActiveCfg = Debug|x64
		{BA81563C-E519-4E0D-8C9B-5C58605B21EC}.Debug|x64.Build.0 = Debug|x64
		{BA81563C-E519-4E0D-8C9B-5C58605B21EC}.Debug|x86.ActiveCfg = Debug|Win32
		{BA81563C-E519-4E0D-8C9B-5C58605B21EC}.Debug|x86.Build.0 = Debug|Win32
		{BA81563C-E519-4E0D-8C9B-5C58605B21EC}.Release|x64.ActiveCfg = Release|x64
		{BA81563C-E519-4E0D-8C9B-5C58605B21EC}.Release|x64.Build.0 = Release|x64
		{BA81563C-E519-4E0D-8C9B-5C58605B21EC}.Release|x86.ActiveCfg = Release|Win32
		{BA81563C-E519-4E0D-8C9B-5C58605B21EC}.Release|x86.Build.0 = Release|Win32
	EndGlobalSection
	GlobalSection(SolutionProperties) = preSolution
		HideSolutionNode = FALSE
	EndGlobalSection
	GlobalSection(ExtensibilityGlobals) = postSolution
		SolutionGuid = {5CF4A20B-4D46-4E79-B69E-E25439921D4B}
	EndGlobalSection
EndGlobal
